
Microsoft Visual Studio Solution File, Format Version 12.00
# Visual Studio 14
VisualStudioVersion = 14.0.25420.1
MinimumVisualStudioVersion = 10.0.40219.1
Project("{FAE04EC0-301F-11D3-BF4B-00C04F79EFBC}") = "MetaData", "MetaData\MetaData.csproj", "{42F94894-5305-4931-96F9-CD3788E1E0EF}"
EndProject
Global
	GlobalSection(SolutionConfigurationPlatforms) = preSolution
		Debug|Any CPU = Debug|Any CPU
		Release|Any CPU = Release|Any CPU
	EndGlobalSection
	GlobalSection(ProjectConfigurationPlatforms) = postSolution
		{42F94894-5305-4931-96F9-CD3788E1E0EF}.Debug|Any CPU.ActiveCfg = Debug|Any CPU
		{42F94894-5305-4931-96F9-CD3788E1E0EF}.Debug|Any CPU.Build.0 = Debug|Any CPU
		{42F94894-5305-4931-96F9-CD3788E1E0EF}.Release|Any CPU.ActiveCfg = Release|Any CPU
		{42F94894-5305-4931-96F9-CD3788E1E0EF}.Release|Any CPU.Build.0 = Release|Any CPU
	EndGlobalSection
	GlobalSection(SolutionProperties) = preSolution
		HideSolutionNode = FALSE
	EndGlobalSection
EndGlobal
